// !$*UTF8*$!
{
	archiveVersion = 1;
	classes = {
	};
	objectVersion = 50;
	objects = {

/* Begin PBXBuildFile section */
		976777432187F92100546546 /* AppDelegate.m in Sources */ = {isa = PBXBuildFile; fileRef = 976777422187F92100546546 /* AppDelegate.m */; };
		976777462187F92100546546 /* ViewController.m in Sources */ = {isa = PBXBuildFile; fileRef = 976777452187F92100546546 /* ViewController.m */; };
		976777492187F92100546546 /* Main.storyboard in Resources */ = {isa = PBXBuildFile; fileRef = 976777472187F92100546546 /* Main.storyboard */; };
		9767774B2187F92300546546 /* Assets.xcassets in Resources */ = {isa = PBXBuildFile; fileRef = 9767774A2187F92300546546 /* Assets.xcassets */; };
		9767774E2187F92300546546 /* LaunchScreen.storyboard in Resources */ = {isa = PBXBuildFile; fileRef = 9767774C2187F92300546546 /* LaunchScreen.storyboard */; };
		976777512187F92300546546 /* main.m in Sources */ = {isa = PBXBuildFile; fileRef = 976777502187F92300546546 /* main.m */; };
		9767775B2187F92300546546 /* _____Tests.m in Sources */ = {isa = PBXBuildFile; fileRef = 9767775A2187F92300546546 /* _____Tests.m */; };
		976777662187F92300546546 /* _____UITests.m in Sources */ = {isa = PBXBuildFile; fileRef = 976777652187F92300546546 /* _____UITests.m */; };
		AE940455A1B517E288619514 /* libPods-腾信播放器Tests.a in Frameworks */ = {isa = PBXBuildFile; fileRef = 56AB444CC59244C81AEF002F /* libPods-腾信播放器Tests.a */; };
		BABB72BFD109DFCF7DB71B19 /* libPods-腾信播放器.a in Frameworks */ = {isa = PBXBuildFile; fileRef = A4CFA7413F020380C87648B0 /* libPods-腾信播放器.a */; };
		DC1394919D2FEDDFA8191039 /* libPods-腾信播放器UITests.a in Frameworks */ = {isa = PBXBuildFile; fileRef = FF95E3F151FBB553F0FE791E /* libPods-腾信播放器UITests.a */; };
/* End PBXBuildFile section */

/* Begin PBXContainerItemProxy section */
		976777572187F92300546546 /* PBXContainerItemProxy */ = {
			isa = PBXContainerItemProxy;
			containerPortal = 976777362187F92100546546 /* Project object */;
			proxyType = 1;
			remoteGlobalIDString = 9767773D2187F92100546546;
			remoteInfo = "腾信播放器";
		};
		976777622187F92300546546 /* PBXContainerItemProxy */ = {
			isa = PBXContainerItemProxy;
			containerPortal = 976777362187F92100546546 /* Project object */;
			proxyType = 1;
			remoteGlobalIDString = 9767773D2187F92100546546;
			remoteInfo = "腾信播放器";
		};
/* End PBXContainerItemProxy section */

/* Begin PBXFileReference section */
		19731990FD06E57C5C211682 /* Pods-腾信播放器UITests.release.xcconfig */ = {isa = PBXFileReference; includeInIndex = 1; lastKnownFileType = text.xcconfig; name = "Pods-腾信播放器UITests.release.xcconfig"; path = "Pods/Target Support Files/Pods-腾信播放器UITests/Pods-腾信播放器UITests.release.xcconfig"; sourceTree = "<group>"; };
		3CF58295B358298B4628C815 /* Pods-腾信播放器Tests.debug.xcconfig */ = {isa = PBXFileReference; includeInIndex = 1; lastKnownFileType = text.xcconfig; name = "Pods-腾信播放器Tests.debug.xcconfig"; path = "Pods/Target Support Files/Pods-腾信播放器Tests/Pods-腾信播放器Tests.debug.xcconfig"; sourceTree = "<group>"; };
		56AB444CC59244C81AEF002F /* libPods-腾信播放器Tests.a */ = {isa = PBXFileReference; explicitFileType = archive.ar; includeInIndex = 0; path = "libPods-腾信播放器Tests.a"; sourceTree = BUILT_PRODUCTS_DIR; };
		9767773E2187F92100546546 /* 腾信播放器.app */ = {isa = PBXFileReference; explicitFileType = wrapper.application; includeInIndex = 0; path = "腾信播放器.app"; sourceTree = BUILT_PRODUCTS_DIR; };
		976777412187F92100546546 /* AppDelegate.h */ = {isa = PBXFileReference; lastKnownFileType = sourcecode.c.h; path = AppDelegate.h; sourceTree = "<group>"; };
		976777422187F92100546546 /* AppDelegate.m */ = {isa = PBXFileReference; lastKnownFileType = sourcecode.c.objc; path = AppDelegate.m; sourceTree = "<group>"; };
		976777442187F92100546546 /* ViewController.h */ = {isa = PBXFileReference; lastKnownFileType = sourcecode.c.h; path = ViewController.h; sourceTree = "<group>"; };
		976777452187F92100546546 /* ViewController.m */ = {isa = PBXFileReference; lastKnownFileType = sourcecode.c.objc; path = ViewController.m; sourceTree = "<group>"; };
		976777482187F92100546546 /* Base */ = {isa = PBXFileReference; lastKnownFileType = file.storyboard; name = Base; path = Base.lproj/Main.storyboard; sourceTree = "<group>"; };
		9767774A2187F92300546546 /* Assets.xcassets */ = {isa = PBXFileReference; lastKnownFileType = folder.assetcatalog; path = Assets.xcassets; sourceTree = "<group>"; };
		9767774D2187F92300546546 /* Base */ = {isa = PBXFileReference; lastKnownFileType = file.storyboard; name = Base; path = Base.lproj/LaunchScreen.storyboard; sourceTree = "<group>"; };
		9767774F2187F92300546546 /* Info.plist */ = {isa = PBXFileReference; lastKnownFileType = text.plist.xml; path = Info.plist; sourceTree = "<group>"; };
		976777502187F92300546546 /* main.m */ = {isa = PBXFileReference; lastKnownFileType = sourcecode.c.objc; path = main.m; sourceTree = "<group>"; };
		976777562187F92300546546 /* 腾信播放器Tests.xctest */ = {isa = PBXFileReference; explicitFileType = wrapper.cfbundle; includeInIndex = 0; path = "腾信播放器Tests.xctest"; sourceTree = BUILT_PRODUCTS_DIR; };
		9767775A2187F92300546546 /* _____Tests.m */ = {isa = PBXFileReference; lastKnownFileType = sourcecode.c.objc; path = _____Tests.m; sourceTree = "<group>"; };
		9767775C2187F92300546546 /* Info.plist */ = {isa = PBXFileReference; lastKnownFileType = text.plist.xml; path = Info.plist; sourceTree = "<group>"; };
		976777612187F92300546546 /* 腾信播放器UITests.xctest */ = {isa = PBXFileReference; explicitFileType = wrapper.cfbundle; includeInIndex = 0; path = "腾信播放器UITests.xctest"; sourceTree = BUILT_PRODUCTS_DIR; };
		976777652187F92300546546 /* _____UITests.m */ = {isa = PBXFileReference; lastKnownFileType = sourcecode.c.objc; path = _____UITests.m; sourceTree = "<group>"; };
		976777672187F92300546546 /* Info.plist */ = {isa = PBXFileReference; lastKnownFileType = text.plist.xml; path = Info.plist; sourceTree = "<group>"; };
		9DC3A26637583C7A9589E165 /* Pods-腾信播放器.release.xcconfig */ = {isa = PBXFileReference; includeInIndex = 1; lastKnownFileType = text.xcconfig; name = "Pods-腾信播放器.release.xcconfig"; path = "Pods/Target Support Files/Pods-腾信播放器/Pods-腾信播放器.release.xcconfig"; sourceTree = "<group>"; };
		A4CFA7413F020380C87648B0 /* libPods-腾信播放器.a */ = {isa = PBXFileReference; explicitFileType = archive.ar; includeInIndex = 0; path = "libPods-腾信播放器.a"; sourceTree = BUILT_PRODUCTS_DIR; };
		B377572150448346EB07DBA4 /* Pods-腾信播放器UITests.debug.xcconfig */ = {isa = PBXFileReference; includeInIndex = 1; lastKnownFileType = text.xcconfig; name = "Pods-腾信播放器UITests.debug.xcconfig"; path = "Pods/Target Support Files/Pods-腾信播放器UITests/Pods-腾信播放器UITests.debug.xcconfig"; sourceTree = "<group>"; };
		B6E0819CB23A81C8AC5D7BD5 /* Pods-腾信播放器.debug.xcconfig */ = {isa = PBXFileReference; includeInIndex = 1; lastKnownFileType = text.xcconfig; name = "Pods-腾信播放器.debug.xcconfig"; path = "Pods/Target Support Files/Pods-腾信播放器/Pods-腾信播放器.debug.xcconfig"; sourceTree = "<group>"; };
		F0912C0EBCE991D2D4C86643 /* Pods-腾信播放器Tests.release.xcconfig */ = {isa = PBXFileReference; includeInIndex = 1; lastKnownFileType = text.xcconfig; name = "Pods-腾信播放器Tests.release.xcconfig"; path = "Pods/Target Support Files/Pods-腾信播放器Tests/Pods-腾信播放器Tests.release.xcconfig"; sourceTree = "<group>"; };
		FF95E3F151FBB553F0FE791E /* libPods-腾信播放器UITests.a */ = {isa = PBXFileReference; explicitFileType = archive.ar; includeInIndex = 0; path = "libPods-腾信播放器UITests.a"; sourceTree = BUILT_PRODUCTS_DIR; };
/* End PBXFileReference section */

/* Begin PBXFrameworksBuildPhase section */
		9767773B2187F92100546546 /* Frameworks */ = {
			isa = PBXFrameworksBuildPhase;
			buildActionMask = 2147483647;
			files = (
				BABB72BFD109DFCF7DB71B19 /* libPods-腾信播放器.a in Frameworks */,
			);
			runOnlyForDeploymentPostprocessing = 0;
		};
		976777532187F92300546546 /* Frameworks */ = {
			isa = PBXFrameworksBuildPhase;
			buildActionMask = 2147483647;
			files = (
				AE940455A1B517E288619514 /* libPods-腾信播放器Tests.a in Frameworks */,
			);
			runOnlyForDeploymentPostprocessing = 0;
		};
		9767775E2187F92300546546 /* Frameworks */ = {
			isa = PBXFrameworksBuildPhase;
			buildActionMask = 2147483647;
			files = (
				DC1394919D2FEDDFA8191039 /* libPods-腾信播放器UITests.a in Frameworks */,
			);
			runOnlyForDeploymentPostprocessing = 0;
		};
/* End PBXFrameworksBuildPhase section */

/* Begin PBXGroup section */
		6782C05532AA3DDECB2AD809 /* Pods */ = {
			isa = PBXGroup;
			children = (
				B6E0819CB23A81C8AC5D7BD5 /* Pods-腾信播放器.debug.xcconfig */,
				9DC3A26637583C7A9589E165 /* Pods-腾信播放器.release.xcconfig */,
				3CF58295B358298B4628C815 /* Pods-腾信播放器Tests.debug.xcconfig */,
				F0912C0EBCE991D2D4C86643 /* Pods-腾信播放器Tests.release.xcconfig */,
				B377572150448346EB07DBA4 /* Pods-腾信播放器UITests.debug.xcconfig */,
				19731990FD06E57C5C211682 /* Pods-腾信播放器UITests.release.xcconfig */,
			);
			name = Pods;
			sourceTree = "<group>";
		};
		976777352187F92100546546 = {
			isa = PBXGroup;
			children = (
				976777402187F92100546546 /* 腾信播放器 */,
				976777592187F92300546546 /* 腾信播放器Tests */,
				976777642187F92300546546 /* 腾信播放器UITests */,
				9767773F2187F92100546546 /* Products */,
				6782C05532AA3DDECB2AD809 /* Pods */,
				F2EBFE612038DCE2DB56C671 /* Frameworks */,
			);
			sourceTree = "<group>";
		};
		9767773F2187F92100546546 /* Products */ = {
			isa = PBXGroup;
			children = (
				9767773E2187F92100546546 /* 腾信播放器.app */,
				976777562187F92300546546 /* 腾信播放器Tests.xctest */,
				976777612187F92300546546 /* 腾信播放器UITests.xctest */,
			);
			name = Products;
			sourceTree = "<group>";
		};
		976777402187F92100546546 /* 腾信播放器 */ = {
			isa = PBXGroup;
			children = (
				976777412187F92100546546 /* AppDelegate.h */,
				976777422187F92100546546 /* AppDelegate.m */,
				976777442187F92100546546 /* ViewController.h */,
				976777452187F92100546546 /* ViewController.m */,
				976777472187F92100546546 /* Main.storyboard */,
				9767774A2187F92300546546 /* Assets.xcassets */,
				9767774C2187F92300546546 /* LaunchScreen.storyboard */,
				9767774F2187F92300546546 /* Info.plist */,
				976777502187F92300546546 /* main.m */,
			);
			path = "腾信播放器";
			sourceTree = "<group>";
		};
		976777592187F92300546546 /* 腾信播放器Tests */ = {
			isa = PBXGroup;
			children = (
				9767775A2187F92300546546 /* _____Tests.m */,
				9767775C2187F92300546546 /* Info.plist */,
			);
			path = "腾信播放器Tests";
			sourceTree = "<group>";
		};
		976777642187F92300546546 /* 腾信播放器UITests */ = {
			isa = PBXGroup;
			children = (
				976777652187F92300546546 /* _____UITests.m */,
				976777672187F92300546546 /* Info.plist */,
			);
			path = "腾信播放器UITests";
			sourceTree = "<group>";
		};
		F2EBFE612038DCE2DB56C671 /* Frameworks */ = {
			isa = PBXGroup;
			children = (
				A4CFA7413F020380C87648B0 /* libPods-腾信播放器.a */,
				56AB444CC59244C81AEF002F /* libPods-腾信播放器Tests.a */,
				FF95E3F151FBB553F0FE791E /* libPods-腾信播放器UITests.a */,
			);
			name = Frameworks;
			sourceTree = "<group>";
		};
/* End PBXGroup section */

/* Begin PBXNativeTarget section */
		9767773D2187F92100546546 /* 腾信播放器 */ = {
			isa = PBXNativeTarget;
			buildConfigurationList = 9767776A2187F92300546546 /* Build configuration list for PBXNativeTarget "腾信播放器" */;
			buildPhases = (
				B54BE1ED68369B0CB57C88BA /* [CP] Check Pods Manifest.lock */,
				9767773A2187F92100546546 /* Sources */,
				9767773B2187F92100546546 /* Frameworks */,
				9767773C2187F92100546546 /* Resources */,
				1114D6228C0A465E7844D5C5 /* [CP] Copy Pods Resources */,
			);
			buildRules = (
			);
			dependencies = (
			);
			name = "腾信播放器";
			productName = "腾信播放器";
			productReference = 9767773E2187F92100546546 /* 腾信播放器.app */;
			productType = "com.apple.product-type.application";
		};
		976777552187F92300546546 /* 腾信播放器Tests */ = {
			isa = PBXNativeTarget;
			buildConfigurationList = 9767776D2187F92300546546 /* Build configuration list for PBXNativeTarget "腾信播放器Tests" */;
			buildPhases = (
				10C23617B8A3158779C9C0E0 /* [CP] Check Pods Manifest.lock */,
				976777522187F92300546546 /* Sources */,
				976777532187F92300546546 /* Frameworks */,
				976777542187F92300546546 /* Resources */,
			);
			buildRules = (
			);
			dependencies = (
				976777582187F92300546546 /* PBXTargetDependency */,
			);
			name = "腾信播放器Tests";
			productName = "腾信播放器Tests";
			productReference = 976777562187F92300546546 /* 腾信播放器Tests.xctest */;
			productType = "com.apple.product-type.bundle.unit-test";
		};
		976777602187F92300546546 /* 腾信播放器UITests */ = {
			isa = PBXNativeTarget;
			buildConfigurationList = 976777702187F92300546546 /* Build configuration list for PBXNativeTarget "腾信播放器UITests" */;
			buildPhases = (
				D657A891AB52404D5D6E087D /* [CP] Check Pods Manifest.lock */,
				9767775D2187F92300546546 /* Sources */,
				9767775E2187F92300546546 /* Frameworks */,
				9767775F2187F92300546546 /* Resources */,
			);
			buildRules = (
			);
			dependencies = (
				976777632187F92300546546 /* PBXTargetDependency */,
			);
			name = "腾信播放器UITests";
			productName = "腾信播放器UITests";
			productReference = 976777612187F92300546546 /* 腾信播放器UITests.xctest */;
			productType = "com.apple.product-type.bundle.ui-testing";
		};
/* End PBXNativeTarget section */

/* Begin PBXProject section */
		976777362187F92100546546 /* Project object */ = {
			isa = PBXProject;
			attributes = {
				LastUpgradeCheck = 1000;
				ORGANIZATIONNAME = "张冲";
				TargetAttributes = {
					9767773D2187F92100546546 = {
						CreatedOnToolsVersion = 10.0;
					};
					976777552187F92300546546 = {
						CreatedOnToolsVersion = 10.0;
						TestTargetID = 9767773D2187F92100546546;
					};
					976777602187F92300546546 = {
						CreatedOnToolsVersion = 10.0;
						TestTargetID = 9767773D2187F92100546546;
					};
				};
			};
			buildConfigurationList = 976777392187F92100546546 /* Build configuration list for PBXProject "腾信播放器" */;
			compatibilityVersion = "Xcode 9.3";
			developmentRegion = en;
			hasScannedForEncodings = 0;
			knownRegions = (
				en,
				Base,
			);
			mainGroup = 976777352187F92100546546;
			productRefGroup = 9767773F2187F92100546546 /* Products */;
			projectDirPath = "";
			projectRoot = "";
			targets = (
				9767773D2187F92100546546 /* 腾信播放器 */,
				976777552187F92300546546 /* 腾信播放器Tests */,
				976777602187F92300546546 /* 腾信播放器UITests */,
			);
		};
/* End PBXProject section */

/* Begin PBXResourcesBuildPhase section */
		9767773C2187F92100546546 /* Resources */ = {
			isa = PBXResourcesBuildPhase;
			buildActionMask = 2147483647;
			files = (
				9767774E2187F92300546546 /* LaunchScreen.storyboard in Resources */,
				9767774B2187F92300546546 /* Assets.xcassets in Resources */,
				976777492187F92100546546 /* Main.storyboard in Resources */,
			);
			runOnlyForDeploymentPostprocessing = 0;
		};
		976777542187F92300546546 /* Resources */ = {
			isa = PBXResourcesBuildPhase;
			buildActionMask = 2147483647;
			files = (
			);
			runOnlyForDeploymentPostprocessing = 0;
		};
		9767775F2187F92300546546 /* Resources */ = {
			isa = PBXResourcesBuildPhase;
			buildActionMask = 2147483647;
			files = (
			);
			runOnlyForDeploymentPostprocessing = 0;
		};
/* End PBXResourcesBuildPhase section */

/* Begin PBXShellScriptBuildPhase section */
		10C23617B8A3158779C9C0E0 /* [CP] Check Pods Manifest.lock */ = {
			isa = PBXShellScriptBuildPhase;
			buildActionMask = 2147483647;
			files = (
			);
			inputPaths = (
				"${PODS_PODFILE_DIR_PATH}/Podfile.lock",
				"${PODS_ROOT}/Manifest.lock",
			);
			name = "[CP] Check Pods Manifest.lock";
			outputPaths = (
				"$(DERIVED_FILE_DIR)/Pods-腾信播放器Tests-checkManifestLockResult.txt",
			);
			runOnlyForDeploymentPostprocessing = 0;
			shellPath = /bin/sh;
			shellScript = "diff \"${PODS_PODFILE_DIR_PATH}/Podfile.lock\" \"${PODS_ROOT}/Manifest.lock\" > /dev/null\nif [ $? != 0 ] ; then\n    # print error to STDERR\n    echo \"error: The sandbox is not in sync with the Podfile.lock. Run 'pod install' or update your CocoaPods installation.\" >&2\n    exit 1\nfi\n# This output is used by Xcode 'outputs' to avoid re-running this script phase.\necho \"SUCCESS\" > \"${SCRIPT_OUTPUT_FILE_0}\"\n";
			showEnvVarsInLog = 0;
		};
		1114D6228C0A465E7844D5C5 /* [CP] Copy Pods Resources */ = {
			isa = PBXShellScriptBuildPhase;
			buildActionMask = 2147483647;
			files = (
			);
			inputPaths = (
				"${SRCROOT}/Pods/Target Support Files/Pods-腾信播放器/Pods-腾信播放器-resources.sh",
				"${PODS_ROOT}/SuperPlayer/SuperPlayer/Resource/SuperPlayer.bundle",
			);
			name = "[CP] Copy Pods Resources";
			outputPaths = (
				"${TARGET_BUILD_DIR}/${UNLOCALIZED_RESOURCES_FOLDER_PATH}/SuperPlayer.bundle",
			);
			runOnlyForDeploymentPostprocessing = 0;
			shellPath = /bin/sh;
			shellScript = "\"${SRCROOT}/Pods/Target Support Files/Pods-腾信播放器/Pods-腾信播放器-resources.sh\"\n";
			showEnvVarsInLog = 0;
		};
		B54BE1ED68369B0CB57C88BA /* [CP] Check Pods Manifest.lock */ = {
			isa = PBXShellScriptBuildPhase;
			buildActionMask = 2147483647;
			files = (
			);
			inputPaths = (
				"${PODS_PODFILE_DIR_PATH}/Podfile.lock",
				"${PODS_ROOT}/Manifest.lock",
			);
			name = "[CP] Check Pods Manifest.lock";
			outputPaths = (
				"$(DERIVED_FILE_DIR)/Pods-腾信播放器-checkManifestLockResult.txt",
			);
			runOnlyForDeploymentPostprocessing = 0;
			shellPath = /bin/sh;
			shellScript = "diff \"${PODS_PODFILE_DIR_PATH}/Podfile.lock\" \"${PODS_ROOT}/Manifest.lock\" > /dev/null\nif [ $? != 0 ] ; then\n    # print error to STDERR\n    echo \"error: The sandbox is not in sync with the Podfile.lock. Run 'pod install' or update your CocoaPods installation.\" >&2\n    exit 1\nfi\n# This output is used by Xcode 'outputs' to avoid re-running this script phase.\necho \"SUCCESS\" > \"${SCRIPT_OUTPUT_FILE_0}\"\n";
			showEnvVarsInLog = 0;
		};
		D657A891AB52404D5D6E087D /* [CP] Check Pods Manifest.lock */ = {
			isa = PBXShellScriptBuildPhase;
			buildActionMask = 2147483647;
			files = (
			);
			inputPaths = (
				"${PODS_PODFILE_DIR_PATH}/Podfile.lock",
				"${PODS_ROOT}/Manifest.lock",
			);
			name = "[CP] Check Pods Manifest.lock";
			outputPaths = (
				"$(DERIVED_FILE_DIR)/Pods-腾信播放器UITests-checkManifestLockResult.txt",
			);
			runOnlyForDeploymentPostprocessing = 0;
			shellPath = /bin/sh;
			shellScript = "diff \"${PODS_PODFILE_DIR_PATH}/Podfile.lock\" \"${PODS_ROOT}/Manifest.lock\" > /dev/null\nif [ $? != 0 ] ; then\n    # print error to STDERR\n    echo \"error: The sandbox is not in sync with the Podfile.lock. Run 'pod install' or update your CocoaPods installation.\" >&2\n    exit 1\nfi\n# This output is used by Xcode 'outputs' to avoid re-running this script phase.\necho \"SUCCESS\" > \"${SCRIPT_OUTPUT_FILE_0}\"\n";
			showEnvVarsInLog = 0;
		};
/* End PBXShellScriptBuildPhase section */

/* Begin PBXSourcesBuildPhase section */
		9767773A2187F92100546546 /* Sources */ = {
			isa = PBXSourcesBuildPhase;
			buildActionMask = 2147483647;
			files = (
				976777462187F92100546546 /* ViewController.m in Sources */,
				976777512187F92300546546 /* main.m in Sources */,
				976777432187F92100546546 /* AppDelegate.m in Sources */,
			);
			runOnlyForDeploymentPostprocessing = 0;
		};
		976777522187F92300546546 /* Sources */ = {
			isa = PBXSourcesBuildPhase;
			buildActionMask = 2147483647;
			files = (
				9767775B2187F92300546546 /* _____Tests.m in Sources */,
			);
			runOnlyForDeploymentPostprocessing = 0;
		};
		9767775D2187F92300546546 /* Sources */ = {
			isa = PBXSourcesBuildPhase;
			buildActionMask = 2147483647;
			files = (
				976777662187F92300546546 /* _____UITests.m in Sources */,
			);
			runOnlyForDeploymentPostprocessing = 0;
		};
/* End PBXSourcesBuildPhase section */

/* Begin PBXTargetDependency section */
		976777582187F92300546546 /* PBXTargetDependency */ = {
			isa = PBXTargetDependency;
			target = 9767773D2187F92100546546 /* 腾信播放器 */;
			targetProxy = 976777572187F92300546546 /* PBXContainerItemProxy */;
		};
		976777632187F92300546546 /* PBXTargetDependency */ = {
			isa = PBXTargetDependency;
			target = 9767773D2187F92100546546 /* 腾信播放器 */;
			targetProxy = 976777622187F92300546546 /* PBXContainerItemProxy */;
		};
/* End PBXTargetDependency section */

/* Begin PBXVariantGroup section */
		976777472187F92100546546 /* Main.storyboard */ = {
			isa = PBXVariantGroup;
			children = (
				976777482187F92100546546 /* Base */,
			);
			name = Main.storyboard;
			sourceTree = "<group>";
		};
		9767774C2187F92300546546 /* LaunchScreen.storyboard */ = {
			isa = PBXVariantGroup;
			children = (
				9767774D2187F92300546546 /* Base */,
			);
			name = LaunchScreen.storyboard;
			sourceTree = "<group>";
		};
/* End PBXVariantGroup section */

/* Begin XCBuildConfiguration section */
		976777682187F92300546546 /* Debug */ = {
			isa = XCBuildConfiguration;
			buildSettings = {
				ALWAYS_SEARCH_USER_PATHS = NO;
				CLANG_ANALYZER_NONNULL = YES;
				CLANG_ANALYZER_NUMBER_OBJECT_CONVERSION = YES_AGGRESSIVE;
				CLANG_CXX_LANGUAGE_STANDARD = "gnu++14";
				CLANG_CXX_LIBRARY = "libc++";
				CLANG_ENABLE_MODULES = YES;
				CLANG_ENABLE_OBJC_ARC = YES;
				CLANG_ENABLE_OBJC_WEAK = YES;
				CLANG_WARN_BLOCK_CAPTURE_AUTORELEASING = YES;
				CLANG_WARN_BOOL_CONVERSION = YES;
				CLANG_WARN_COMMA = YES;
				CLANG_WARN_CONSTANT_CONVERSION = YES;
				CLANG_WARN_DEPRECATED_OBJC_IMPLEMENTATIONS = YES;
				CLANG_WARN_DIRECT_OBJC_ISA_USAGE = YES_ERROR;
				CLANG_WARN_DOCUMENTATION_COMMENTS = YES;
				CLANG_WARN_EMPTY_BODY = YES;
				CLANG_WARN_ENUM_CONVERSION = YES;
				CLANG_WARN_INFINITE_RECURSION = YES;
				CLANG_WARN_INT_CONVERSION = YES;
				CLANG_WARN_NON_LITERAL_NULL_CONVERSION = YES;
				CLANG_WARN_OBJC_IMPLICIT_RETAIN_SELF = YES;
				CLANG_WARN_OBJC_LITERAL_CONVERSION = YES;
				CLANG_WARN_OBJC_ROOT_CLASS = YES_ERROR;
				CLANG_WARN_RANGE_LOOP_ANALYSIS = YES;
				CLANG_WARN_STRICT_PROTOTYPES = YES;
				CLANG_WARN_SUSPICIOUS_MOVE = YES;
				CLANG_WARN_UNGUARDED_AVAILABILITY = YES_AGGRESSIVE;
				CLANG_WARN_UNREACHABLE_CODE = YES;
				CLANG_WARN__DUPLICATE_METHOD_MATCH = YES;
				CODE_SIGN_IDENTITY = "iPhone Developer";
				COPY_PHASE_STRIP = NO;
				DEBUG_INFORMATION_FORMAT = dwarf;
				ENABLE_STRICT_OBJC_MSGSEND = YES;
				ENABLE_TESTABILITY = YES;
				GCC_C_LANGUAGE_STANDARD = gnu11;
				GCC_DYNAMIC_NO_PIC = NO;
				GCC_NO_COMMON_BLOCKS = YES;
				GCC_OPTIMIZATION_LEVEL = 0;
				GCC_PREPROCESSOR_DEFINITIONS = (
					"DEBUG=1",
					"$(inherited)",
				);
				GCC_WARN_64_TO_32_BIT_CONVERSION = YES;
				GCC_WARN_ABOUT_RETURN_TYPE = YES_ERROR;
				GCC_WARN_UNDECLARED_SELECTOR = YES;
				GCC_WARN_UNINITIALIZED_AUTOS = YES_AGGRESSIVE;
				GCC_WARN_UNUSED_FUNCTION = YES;
				GCC_WARN_UNUSED_VARIABLE = YES;
				IPHONEOS_DEPLOYMENT_TARGET = 12.0;
				MTL_ENABLE_DEBUG_INFO = INCLUDE_SOURCE;
				MTL_FAST_MATH = YES;
				ONLY_ACTIVE_ARCH = YES;
				SDKROOT = iphoneos;
			};
			name = Debug;
		};
		976777692187F92300546546 /* Release */ = {
			isa = XCBuildConfiguration;
			buildSettings = {
				ALWAYS_SEARCH_USER_PATHS = NO;
				CLANG_ANALYZER_NONNULL = YES;
				CLANG_ANALYZER_NUMBER_OBJECT_CONVERSION = YES_AGGRESSIVE;
				CLANG_CXX_LANGUAGE_STANDARD = "gnu++14";
				CLANG_CXX_LIBRARY = "libc++";
				CLANG_ENABLE_MODULES = YES;
				CLANG_ENABLE_OBJC_ARC = YES;
				CLANG_ENABLE_OBJC_WEAK = YES;
				CLANG_WARN_BLOCK_CAPTURE_AUTORELEASING = YES;
				CLANG_WARN_BOOL_CONVERSION = YES;
				CLANG_WARN_COMMA = YES;
				CLANG_WARN_CONSTANT_CONVERSION = YES;
				CLANG_WARN_DEPRECATED_OBJC_IMPLEMENTATIONS = YES;
				CLANG_WARN_DIRECT_OBJC_ISA_USAGE = YES_ERROR;
				CLANG_WARN_DOCUMENTATION_COMMENTS = YES;
				CLANG_WARN_EMPTY_BODY = YES;
				CLANG_WARN_ENUM_CONVERSION = YES;
				CLANG_WARN_INFINITE_RECURSION = YES;
				CLANG_WARN_INT_CONVERSION = YES;
				CLANG_WARN_NON_LITERAL_NULL_CONVERSION = YES;
				CLANG_WARN_OBJC_IMPLICIT_RETAIN_SELF = YES;
				CLANG_WARN_OBJC_LITERAL_CONVERSION = YES;
				CLANG_WARN_OBJC_ROOT_CLASS = YES_ERROR;
				CLANG_WARN_RANGE_LOOP_ANALYSIS = YES;
				CLANG_WARN_STRICT_PROTOTYPES = YES;
				CLANG_WARN_SUSPICIOUS_MOVE = YES;
				CLANG_WARN_UNGUARDED_AVAILABILITY = YES_AGGRESSIVE;
				CLANG_WARN_UNREACHABLE_CODE = YES;
				CLANG_WARN__DUPLICATE_METHOD_MATCH = YES;
				CODE_SIGN_IDENTITY = "iPhone Developer";
				COPY_PHASE_STRIP = NO;
				DEBUG_INFORMATION_FORMAT = "dwarf-with-dsym";
				ENABLE_NS_ASSERTIONS = NO;
				ENABLE_STRICT_OBJC_MSGSEND = YES;
				GCC_C_LANGUAGE_STANDARD = gnu11;
				GCC_NO_COMMON_BLOCKS = YES;
				GCC_WARN_64_TO_32_BIT_CONVERSION = YES;
				GCC_WARN_ABOUT_RETURN_TYPE = YES_ERROR;
				GCC_WARN_UNDECLARED_SELECTOR = YES;
				GCC_WARN_UNINITIALIZED_AUTOS = YES_AGGRESSIVE;
				GCC_WARN_UNUSED_FUNCTION = YES;
				GCC_WARN_UNUSED_VARIABLE = YES;
				IPHONEOS_DEPLOYMENT_TARGET = 12.0;
				MTL_ENABLE_DEBUG_INFO = NO;
				MTL_FAST_MATH = YES;
				SDKROOT = iphoneos;
				VALIDATE_PRODUCT = YES;
			};
			name = Release;
		};
		9767776B2187F92300546546 /* Debug */ = {
			isa = XCBuildConfiguration;
			baseConfigurationReference = B6E0819CB23A81C8AC5D7BD5 /* Pods-腾信播放器.debug.xcconfig */;
			buildSettings = {
				ASSETCATALOG_COMPILER_APPICON_NAME = AppIcon;
				CODE_SIGN_STYLE = Automatic;
				DEVELOPMENT_TEAM = 2P8PM3SXN5;
				INFOPLIST_FILE = "腾信播放器/Info.plist";
				LD_RUNPATH_SEARCH_PATHS = "$(inherited) @executable_path/Frameworks";
				PRODUCT_BUNDLE_IDENTIFIER = "zhangcc.-----";
				PRODUCT_NAME = "$(TARGET_NAME)";
				TARGETED_DEVICE_FAMILY = "1,2";
			};
			name = Debug;
		};
		9767776C2187F92300546546 /* Release */ = {
			isa = XCBuildConfiguration;
			baseConfigurationReference = 9DC3A26637583C7A9589E165 /* Pods-腾信播放器.release.xcconfig */;
			buildSettings = {
				ASSETCATALOG_COMPILER_APPICON_NAME = AppIcon;
				CODE_SIGN_STYLE = Automatic;
				DEVELOPMENT_TEAM = 2P8PM3SXN5;
				INFOPLIST_FILE = "腾信播放器/Info.plist";
				LD_RUNPATH_SEARCH_PATHS = "$(inherited) @executable_path/Frameworks";
				PRODUCT_BUNDLE_IDENTIFIER = "zhangcc.-----";
				PRODUCT_NAME = "$(TARGET_NAME)";
				TARGETED_DEVICE_FAMILY = "1,2";
			};
			name = Release;
		};
		9767776E2187F92300546546 /* Debug */ = {
			isa = XCBuildConfiguration;
			baseConfigurationReference = 3CF58295B358298B4628C815 /* Pods-腾信播放器Tests.debug.xcconfig */;
			buildSettings = {
				BUNDLE_LOADER = "$(TEST_HOST)";
				CODE_SIGN_STYLE = Automatic;
				DEVELOPMENT_TEAM = 2P8PM3SXN5;
				INFOPLIST_FILE = "腾信播放器Tests/Info.plist";
				LD_RUNPATH_SEARCH_PATHS = "$(inherited) @executable_path/Frameworks @loader_path/Frameworks";
				PRODUCT_BUNDLE_IDENTIFIER = "zhangcc.-----Tests";
				PRODUCT_NAME = "$(TARGET_NAME)";
				TARGETED_DEVICE_FAMILY = "1,2";
				TEST_HOST = "$(BUILT_PRODUCTS_DIR)/腾信播放器.app/腾信播放器";
			};
			name = Debug;
		};
		9767776F2187F92300546546 /* Release */ = {
			isa = XCBuildConfiguration;
			baseConfigurationReference = F0912C0EBCE991D2D4C86643 /* Pods-腾信播放器Tests.release.xcconfig */;
			buildSettings = {
				BUNDLE_LOADER = "$(TEST_HOST)";
				CODE_SIGN_STYLE = Automatic;
				DEVELOPMENT_TEAM = 2P8PM3SXN5;
				INFOPLIST_FILE = "腾信播放器Tests/Info.plist";
				LD_RUNPATH_SEARCH_PATHS = "$(inherited) @executable_path/Frameworks @loader_path/Frameworks";
				PRODUCT_BUNDLE_IDENTIFIER = "zhangcc.-----Tests";
				PRODUCT_NAME = "$(TARGET_NAME)";
				TARGETED_DEVICE_FAMILY = "1,2";
				TEST_HOST = "$(BUILT_PRODUCTS_DIR)/腾信播放器.app/腾信播放器";
			};
			name = Release;
		};
		976777712187F92300546546 /* Debug */ = {
			isa = XCBuildConfiguration;
			baseConfigurationReference = B377572150448346EB07DBA4 /* Pods-腾信播放器UITests.debug.xcconfig */;
			buildSettings = {
				CODE_SIGN_STYLE = Automatic;
				DEVELOPMENT_TEAM = 2P8PM3SXN5;
				INFOPLIST_FILE = "腾信播放器UITests/Info.plist";
				LD_RUNPATH_SEARCH_PATHS = "$(inherited) @executable_path/Frameworks @loader_path/Frameworks";
				PRODUCT_BUNDLE_IDENTIFIER = "zhangcc.-----UITests";
				PRODUCT_NAME = "$(TARGET_NAME)";
				TARGETED_DEVICE_FAMILY = "1,2";
				TEST_TARGET_NAME = "腾信播放器";
			};
			name = Debug;
		};
		976777722187F92300546546 /* Release */ = {
			isa = XCBuildConfiguration;
			baseConfigurationReference = 19731990FD06E57C5C211682 /* Pods-腾信播放器UITests.release.xcconfig */;
			buildSettings = {
				CODE_SIGN_STYLE = Automatic;
				DEVELOPMENT_TEAM = 2P8PM3SXN5;
				INFOPLIST_FILE = "腾信播放器UITests/Info.plist";
				LD_RUNPATH_SEARCH_PATHS = "$(inherited) @executable_path/Frameworks @loader_path/Frameworks";
				PRODUCT_BUNDLE_IDENTIFIER = "zhangcc.-----UITests";
				PRODUCT_NAME = "$(TARGET_NAME)";
				TARGETED_DEVICE_FAMILY = "1,2";
				TEST_TARGET_NAME = "腾信播放器";
			};
			name = Release;
		};
/* End XCBuildConfiguration section */

/* Begin XCConfigurationList section */
		976777392187F92100546546 /* Build configuration list for PBXProject "腾信播放器" */ = {
			isa = XCConfigurationList;
			buildConfigurations = (
				976777682187F92300546546 /* Debug */,
				976777692187F92300546546 /* Release */,
			);
			defaultConfigurationIsVisible = 0;
			defaultConfigurationName = Release;
		};
		9767776A2187F92300546546 /* Build configuration list for PBXNativeTarget "腾信播放器" */ = {
			isa = XCConfigurationList;
			buildConfigurations = (
				9767776B2187F92300546546 /* Debug */,
				9767776C2187F92300546546 /* Release */,
			);
			defaultConfigurationIsVisible = 0;
			defaultConfigurationName = Release;
		};
		9767776D2187F92300546546 /* Build configuration list for PBXNativeTarget "腾信播放器Tests" */ = {
			isa = XCConfigurationList;
			buildConfigurations = (
				9767776E2187F92300546546 /* Debug */,
				9767776F2187F92300546546 /* Release */,
			);
			defaultConfigurationIsVisible = 0;
			defaultConfigurationName = Release;
		};
		976777702187F92300546546 /* Build configuration list for PBXNativeTarget "腾信播放器UITests" */ = {
			isa = XCConfigurationList;
			buildConfigurations = (
				976777712187F92300546546 /* Debug */,
				976777722187F92300546546 /* Release */,
			);
			defaultConfigurationIsVisible = 0;
			defaultConfigurationName = Release;
		};
/* End XCConfigurationList section */
	};
	rootObject = 976777362187F92100546546 /* Project object */;
}
